// !$*UTF8*$!
{
	archiveVersion = 1;
	classes = {
	};
	objectVersion = 50;
	objects = {

/* Begin PBXBuildFile section */
		ACD606D426B34CEE00DF0668 /* AppDelegate.swift in Sources */ = {isa = PBXBuildFile; fileRef = ACD606D326B34CEE00DF0668 /* AppDelegate.swift */; };
		ACD606D626B34CEE00DF0668 /* SceneDelegate.swift in Sources */ = {isa = PBXBuildFile; fileRef = ACD606D526B34CEE00DF0668 /* SceneDelegate.swift */; };
		ACD606D826B34CEE00DF0668 /* ViewController.swift in Sources */ = {isa = PBXBuildFile; fileRef = ACD606D726B34CEE00DF0668 /* ViewController.swift */; };
		ACD606DD26B34CF100DF0668 /* Assets.xcassets in Resources */ = {isa = PBXBuildFile; fileRef = ACD606DC26B34CF100DF0668 /* Assets.xcassets */; };
		ACD606E926B34E9E00DF0668 /* BasicClass.swift in Sources */ = {isa = PBXBuildFile; fileRef = ACD606E826B34E9E00DF0668 /* BasicClass.swift */; };
/* End PBXBuildFile section */

/* Begin PBXFileReference section */
		ACD606D026B34CEE00DF0668 /* Table-Standard-iPhone-Settings.app */ = {isa = PBXFileReference; explicitFileType = wrapper.application; includeInIndex = 0; path = "Table-Standard-iPhone-Settings.app"; sourceTree = BUILT_PRODUCTS_DIR; };
		ACD606D326B34CEE00DF0668 /* AppDelegate.swift */ = {isa = PBXFileReference; lastKnownFileType = sourcecode.swift; path = AppDelegate.swift; sourceTree = "<group>"; };
		ACD606D526B34CEE00DF0668 /* SceneDelegate.swift */ = {isa = PBXFileReference; lastKnownFileType = sourcecode.swift; path = SceneDelegate.swift; sourceTree = "<group>"; };
		ACD606D726B34CEE00DF0668 /* ViewController.swift */ = {isa = PBXFileReference; lastKnownFileType = sourcecode.swift; path = ViewController.swift; sourceTree = "<group>"; };
		ACD606DC26B34CF100DF0668 /* Assets.xcassets */ = {isa = PBXFileReference; lastKnownFileType = folder.assetcatalog; path = Assets.xcassets; sourceTree = "<group>"; };
		ACD606E126B34CF100DF0668 /* Info.plist */ = {isa = PBXFileReference; lastKnownFileType = text.plist.xml; path = Info.plist; sourceTree = "<group>"; };
		ACD606E826B34E9E00DF0668 /* BasicClass.swift */ = {isa = PBXFileReference; lastKnownFileType = sourcecode.swift; path = BasicClass.swift; sourceTree = "<group>"; };
/* End PBXFileReference section */

/* Begin PBXFrameworksBuildPhase section */
		ACD606CD26B34CEE00DF0668 /* Frameworks */ = {
			isa = PBXFrameworksBuildPhase;
			buildActionMask = 2147483647;
			files = (
			);
			runOnlyForDeploymentPostprocessing = 0;
		};
/* End PBXFrameworksBuildPhase section */

/* Begin PBXGroup section */
		ACD606C726B34CEE00DF0668 = {
			isa = PBXGroup;
			children = (
				ACD606D226B34CEE00DF0668 /* Table-Standard-iPhone-Settings */,
				ACD606D126B34CEE00DF0668 /* Products */,
			);
			sourceTree = "<group>";
		};
		ACD606D126B34CEE00DF0668 /* Products */ = {
			isa = PBXGroup;
			children = (
				ACD606D026B34CEE00DF0668 /* Table-Standard-iPhone-Settings.app */,
			);
			name = Products;
			sourceTree = "<group>";
		};
		ACD606D226B34CEE00DF0668 /* Table-Standard-iPhone-Settings */ = {
			isa = PBXGroup;
			children = (
				ACD606E726B34E8500DF0668 /* Cell class */,
				ACD606D326B34CEE00DF0668 /* AppDelegate.swift */,
				ACD606D526B34CEE00DF0668 /* SceneDelegate.swift */,
				ACD606D726B34CEE00DF0668 /* ViewController.swift */,
				ACD606DC26B34CF100DF0668 /* Assets.xcassets */,
				ACD606E126B34CF100DF0668 /* Info.plist */,
			);
			path = "Table-Standard-iPhone-Settings";
			sourceTree = "<group>";
		};
		ACD606E726B34E8500DF0668 /* Cell class */ = {
			isa = PBXGroup;
			children = (
				ACD606E826B34E9E00DF0668 /* BasicClass.swift */,
			);
			path = "Cell class";
			sourceTree = "<group>";
		};
/* End PBXGroup section */

/* Begin PBXNativeTarget section */
		ACD606CF26B34CEE00DF0668 /* Table-Standard-iPhone-Settings */ = {
			isa = PBXNativeTarget;
			buildConfigurationList = ACD606E426B34CF100DF0668 /* Build configuration list for PBXNativeTarget "Table-Standard-iPhone-Settings" */;
			buildPhases = (
				ACD606CC26B34CEE00DF0668 /* Sources */,
				ACD606CD26B34CEE00DF0668 /* Frameworks */,
				ACD606CE26B34CEE00DF0668 /* Resources */,
			);
			buildRules = (
			);
			dependencies = (
			);
			name = "Table-Standard-iPhone-Settings";
			productName = "Table-Standard-iPhone-Settings";
			productReference = ACD606D026B34CEE00DF0668 /* Table-Standard-iPhone-Settings.app */;
			productType = "com.apple.product-type.application";
		};
/* End PBXNativeTarget section */

/* Begin PBXProject section */
		ACD606C826B34CEE00DF0668 /* Project object */ = {
			isa = PBXProject;
			attributes = {
				LastSwiftUpdateCheck = 1250;
				LastUpgradeCheck = 1250;
				TargetAttributes = {
					ACD606CF26B34CEE00DF0668 = {
						CreatedOnToolsVersion = 12.5.1;
					};
				};
			};
			buildConfigurationList = ACD606CB26B34CEE00DF0668 /* Build configuration list for PBXProject "Table-Standard-iPhone-Settings" */;
			compatibilityVersion = "Xcode 9.3";
			developmentRegion = en;
			hasScannedForEncodings = 0;
			knownRegions = (
				en,
				Base,
			);
			mainGroup = ACD606C726B34CEE00DF0668;
			productRefGroup = ACD606D126B34CEE00DF0668 /* Products */;
			projectDirPath = "";
			projectRoot = "";
			targets = (
				ACD606CF26B34CEE00DF0668 /* Table-Standard-iPhone-Settings */,
			);
		};
/* End PBXProject section */

/* Begin PBXResourcesBuildPhase section */
		ACD606CE26B34CEE00DF0668 /* Resources */ = {
			isa = PBXResourcesBuildPhase;
			buildActionMask = 2147483647;
			files = (
				ACD606DD26B34CF100DF0668 /* Assets.xcassets in Resources */,
			);
			runOnlyForDeploymentPostprocessing = 0;
		};
/* End PBXResourcesBuildPhase section */

/* Begin PBXSourcesBuildPhase section */
		ACD606CC26B34CEE00DF0668 /* Sources */ = {
			isa = PBXSourcesBuildPhase;
			buildActionMask = 2147483647;
			files = (
				ACD606D826B34CEE00DF0668 /* ViewController.swift in Sources */,
				ACD606D426B34CEE00DF0668 /* AppDelegate.swift in Sources */,
				ACD606D626B34CEE00DF0668 /* SceneDelegate.swift in Sources */,
				ACD606E926B34E9E00DF0668 /* BasicClass.swift in Sources */,
			);
			runOnlyForDeploymentPostprocessing = 0;
		};
/* End PBXSourcesBuildPhase section */

/* Begin XCBuildConfiguration section */
		ACD606E226B34CF100DF0668 /* Debug */ = {
			isa = XCBuildConfiguration;
			buildSettings = {
				ALWAYS_SEARCH_USER_PATHS = NO;
				CLANG_ANALYZER_NONNULL = YES;
				CLANG_ANALYZER_NUMBER_OBJECT_CONVERSION = YES_AGGRESSIVE;
				CLANG_CXX_LANGUAGE_STANDARD = "gnu++14";
				CLANG_CXX_LIBRARY = "libc++";
				CLANG_ENABLE_MODULES = YES;
				CLANG_ENABLE_OBJC_ARC = YES;
				CLANG_ENABLE_OBJC_WEAK = YES;
				CLANG_WARN_BLOCK_CAPTURE_AUTORELEASING = YES;
				CLANG_WARN_BOOL_CONVERSION = YES;
				CLANG_WARN_COMMA = YES;
				CLANG_WARN_CONSTANT_CONVERSION = YES;
				CLANG_WARN_DEPRECATED_OBJC_IMPLEMENTATIONS = YES;
				CLANG_WARN_DIRECT_OBJC_ISA_USAGE = YES_ERROR;
				CLANG_WARN_DOCUMENTATION_COMMENTS = YES;
				CLANG_WARN_EMPTY_BODY = YES;
				CLANG_WARN_ENUM_CONVERSION = YES;
				CLANG_WARN_INFINITE_RECURSION = YES;
				CLANG_WARN_INT_CONVERSION = YES;
				CLANG_WARN_NON_LITERAL_NULL_CONVERSION = YES;
				CLANG_WARN_OBJC_IMPLICIT_RETAIN_SELF = YES;
				CLANG_WARN_OBJC_LITERAL_CONVERSION = YES;
				CLANG_WARN_OBJC_ROOT_CLASS = YES_ERROR;
				CLANG_WARN_QUOTED_INCLUDE_IN_FRAMEWORK_HEADER = YES;
				CLANG_WARN_RANGE_LOOP_ANALYSIS = YES;
				CLANG_WARN_STRICT_PROTOTYPES = YES;
				CLANG_WARN_SUSPICIOUS_MOVE = YES;
				CLANG_WARN_UNGUARDED_AVAILABILITY = YES_AGGRESSIVE;
				CLANG_WARN_UNREACHABLE_CODE = YES;
				CLANG_WARN__DUPLICATE_METHOD_MATCH = YES;
				COPY_PHASE_STRIP = NO;
				DEBUG_INFORMATION_FORMAT = dwarf;
				ENABLE_STRICT_OBJC_MSGSEND = YES;
				ENABLE_TESTABILITY = YES;
				GCC_C_LANGUAGE_STANDARD = gnu11;
				GCC_DYNAMIC_NO_PIC = NO;
				GCC_NO_COMMON_BLOCKS = YES;
				GCC_OPTIMIZATION_LEVEL = 0;
				GCC_PREPROCESSOR_DEFINITIONS = (
					"DEBUG=1",
					"$(inherited)",
				);
				GCC_WARN_64_TO_32_BIT_CONVERSION = YES;
				GCC_WARN_ABOUT_RETURN_TYPE = YES_ERROR;
				GCC_WARN_UNDECLARED_SELECTOR = YES;
				GCC_WARN_UNINITIALIZED_AUTOS = YES_AGGRESSIVE;
				GCC_WARN_UNUSED_FUNCTION = YES;
				GCC_WARN_UNUSED_VARIABLE = YES;
				IPHONEOS_DEPLOYMENT_TARGET = 14.5;
				MTL_ENABLE_DEBUG_INFO = INCLUDE_SOURCE;
				MTL_FAST_MATH = YES;
				ONLY_ACTIVE_ARCH = YES;
				SDKROOT = iphoneos;
				SWIFT_ACTIVE_COMPILATION_CONDITIONS = DEBUG;
				SWIFT_OPTIMIZATION_LEVEL = "-Onone";
			};
			name = Debug;
		};
		ACD606E326B34CF100DF0668 /* Release */ = {
			isa = XCBuildConfiguration;
			buildSettings = {
				ALWAYS_SEARCH_USER_PATHS = NO;
				CLANG_ANALYZER_NONNULL = YES;
				CLANG_ANALYZER_NUMBER_OBJECT_CONVERSION = YES_AGGRESSIVE;
				CLANG_CXX_LANGUAGE_STANDARD = "gnu++14";
				CLANG_CXX_LIBRARY = "libc++";
				CLANG_ENABLE_MODULES = YES;
				CLANG_ENABLE_OBJC_ARC = YES;
				CLANG_ENABLE_OBJC_WEAK = YES;
				CLANG_WARN_BLOCK_CAPTURE_AUTORELEASING = YES;
				CLANG_WARN_BOOL_CONVERSION = YES;
				CLANG_WARN_COMMA = YES;
				CLANG_WARN_CONSTANT_CONVERSION = YES;
				CLANG_WARN_DEPRECATED_OBJC_IMPLEMENTATIONS = YES;
				CLANG_WARN_DIRECT_OBJC_ISA_USAGE = YES_ERROR;
				CLANG_WARN_DOCUMENTATION_COMMENTS = YES;
				CLANG_WARN_EMPTY_BODY = YES;
				CLANG_WARN_ENUM_CONVERSION = YES;
				CLANG_WARN_INFINITE_RECURSION = YES;
				CLANG_WARN_INT_CONVERSION = YES;
				CLANG_WARN_NON_LITERAL_NULL_CONVERSION = YES;
				CLANG_WARN_OBJC_IMPLICIT_RETAIN_SELF = YES;
				CLANG_WARN_OBJC_LITERAL_CONVERSION = YES;
				CLANG_WARN_OBJC_ROOT_CLASS = YES_ERROR;
				CLANG_WARN_QUOTED_INCLUDE_IN_FRAMEWORK_HEADER = YES;
				CLANG_WARN_RANGE_LOOP_ANALYSIS = YES;
				CLANG_WARN_STRICT_PROTOTYPES = YES;
				CLANG_WARN_SUSPICIOUS_MOVE = YES;
				CLANG_WARN_UNGUARDED_AVAILABILITY = YES_AGGRESSIVE;
				CLANG_WARN_UNREACHABLE_CODE = YES;
				CLANG_WARN__DUPLICATE_METHOD_MATCH = YES;
				COPY_PHASE_STRIP = NO;
				DEBUG_INFORMATION_FORMAT = "dwarf-with-dsym";
				ENABLE_NS_ASSERTIONS = NO;
				ENABLE_STRICT_OBJC_MSGSEND = YES;
				GCC_C_LANGUAGE_STANDARD = gnu11;
				GCC_NO_COMMON_BLOCKS = YES;
				GCC_WARN_64_TO_32_BIT_CONVERSION = YES;
				GCC_WARN_ABOUT_RETURN_TYPE = YES_ERROR;
				GCC_WARN_UNDECLARED_SELECTOR = YES;
				GCC_WARN_UNINITIALIZED_AUTOS = YES_AGGRESSIVE;
				GCC_WARN_UNUSED_FUNCTION = YES;
				GCC_WARN_UNUSED_VARIABLE = YES;
				IPHONEOS_DEPLOYMENT_TARGET = 14.5;
				MTL_ENABLE_DEBUG_INFO = NO;
				MTL_FAST_MATH = YES;
				SDKROOT = iphoneos;
				SWIFT_COMPILATION_MODE = wholemodule;
				SWIFT_OPTIMIZATION_LEVEL = "-O";
				VALIDATE_PRODUCT = YES;
			};
			name = Release;
		};
		ACD606E526B34CF100DF0668 /* Debug */ = {
			isa = XCBuildConfiguration;
			buildSettings = {
				ASSETCATALOG_COMPILER_APPICON_NAME = AppIcon;
				ASSETCATALOG_COMPILER_GLOBAL_ACCENT_COLOR_NAME = AccentColor;
				CODE_SIGN_STYLE = Automatic;
				DEVELOPMENT_TEAM = 8F65V3YM64;
				INFOPLIST_FILE = "Table-Standard-iPhone-Settings/Info.plist";
				LD_RUNPATH_SEARCH_PATHS = (
					"$(inherited)",
					"@executable_path/Frameworks",
				);
				PRODUCT_BUNDLE_IDENTIFIER = "com.my.Table-Standard-iPhone-Settings";
				PRODUCT_NAME = "$(TARGET_NAME)";
				SWIFT_VERSION = 5.0;
				TARGETED_DEVICE_FAMILY = "1,2";
			};
			name = Debug;
		};
		ACD606E626B34CF100DF0668 /* Release */ = {
			isa = XCBuildConfiguration;
			buildSettings = {
				ASSETCATALOG_COMPILER_APPICON_NAME = AppIcon;
				ASSETCATALOG_COMPILER_GLOBAL_ACCENT_COLOR_NAME = AccentColor;
				CODE_SIGN_STYLE = Automatic;
				DEVELOPMENT_TEAM = 8F65V3YM64;
				INFOPLIST_FILE = "Table-Standard-iPhone-Settings/Info.plist";
				LD_RUNPATH_SEARCH_PATHS = (
					"$(inherited)",
					"@executable_path/Frameworks",
				);
				PRODUCT_BUNDLE_IDENTIFIER = "com.my.Table-Standard-iPhone-Settings";
				PRODUCT_NAME = "$(TARGET_NAME)";
				SWIFT_VERSION = 5.0;
				TARGETED_DEVICE_FAMILY = "1,2";
			};
			name = Release;
		};
/* End XCBuildConfiguration section */

/* Begin XCConfigurationList section */
		ACD606CB26B34CEE00DF0668 /* Build configuration list for PBXProject "Table-Standard-iPhone-Settings" */ = {
			isa = XCConfigurationList;
			buildConfigurations = (
				ACD606E226B34CF100DF0668 /* Debug */,
				ACD606E326B34CF100DF0668 /* Release */,
			);
			defaultConfigurationIsVisible = 0;
			defaultConfigurationName = Release;
		};
		ACD606E426B34CF100DF0668 /* Build configuration list for PBXNativeTarget "Table-Standard-iPhone-Settings" */ = {
			isa = XCConfigurationList;
			buildConfigurations = (
				ACD606E526B34CF100DF0668 /* Debug */,
				ACD606E626B34CF100DF0668 /* Release */,
			);
			defaultConfigurationIsVisible = 0;
			defaultConfigurationName = Release;
		};
/* End XCConfigurationList section */
	};
	rootObject = ACD606C826B34CEE00DF0668 /* Project object */;
}
